
Microsoft Visual Studio Solution File, Format Version 12.00
# Visual Studio Version 16
VisualStudioVersion = 16.0.28917.181
MinimumVisualStudioVersion = 10.0.40219.1
Project("{FAE04EC0-301F-11D3-BF4B-00C04F79EFBC}") = "jyankenDomain", "jyankenDomain\jyankenDomain.csproj", "{22B1C058-B4B6-41BD-A5CE-4B9F665ABEF6}"
EndProject
Global
	GlobalSection(SolutionConfigurationPlatforms) = preSolution
		Debug|Any CPU = Debug|Any CPU
		Release|Any CPU = Release|Any CPU
	EndGlobalSection
	GlobalSection(ProjectConfigurationPlatforms) = postSolution
		{22B1C058-B4B6-41BD-A5CE-4B9F665ABEF6}.Debug|Any CPU.ActiveCfg = Debug|Any CPU
		{22B1C058-B4B6-41BD-A5CE-4B9F665ABEF6}.Debug|Any CPU.Build.0 = Debug|Any CPU
		{22B1C058-B4B6-41BD-A5CE-4B9F665ABEF6}.Release|Any CPU.ActiveCfg = Release|Any CPU
		{22B1C058-B4B6-41BD-A5CE-4B9F665ABEF6}.Release|Any CPU.Build.0 = Release|Any CPU
	EndGlobalSection
	GlobalSection(SolutionProperties) = preSolution
		HideSolutionNode = FALSE
	EndGlobalSection
	GlobalSection(ExtensibilityGlobals) = postSolution
		SolutionGuid = {EFBB4F08-F1BB-4719-97CF-376B3B7AC0B4}
	EndGlobalSection
EndGlobal
